PODS:
  - AFNetworking/NSURLSession (3.2.1):
    - AFNetworking/Reachability
    - AFNetworking/Security
    - AFNetworking/Serialization
  - AFNetworking/Reachability (3.2.1)
  - AFNetworking/Security (3.2.1)
  - AFNetworking/Serialization (3.2.1)
  - Google-Mobile-Ads-SDK (8.5.0):
    - GoogleAppMeasurement (< 9.0, >= 7.0)
    - GoogleUserMessagingPlatform (>= 1.1)
  - GoogleAppMeasurement (7.11.0):
    - GoogleAppMeasurement/AdIdSupport (= 7.11.0)
    - GoogleUtilities/AppDelegateSwizzler (~> 7.0)
    - GoogleUtilities/MethodSwizzler (~> 7.0)
    - GoogleUtilities/Network (~> 7.0)
    - "GoogleUtilities/NSData+zlib (~> 7.0)"
    - nanopb (~> 2.30908.0)
  - GoogleAppMeasurement/AdIdSupport (7.11.0):
    - GoogleUtilities/AppDelegateSwizzler (~> 7.0)
    - GoogleUtilities/MethodSwizzler (~> 7.0)
    - GoogleUtilities/Network (~> 7.0)
    - "GoogleUtilities/NSData+zlib (~> 7.0)"
    - nanopb (~> 2.30908.0)
  - GoogleUserMessagingPlatform (2.0.0)
  - GoogleUtilities/AppDelegateSwizzler (7.4.0):
    - GoogleUtilities/Environment
    - GoogleUtilities/Logger
    - GoogleUtilities/Network
  - GoogleUtilities/Environment (7.4.0):
    - PromisesObjC (~> 1.2)
  - GoogleUtilities/Logger (7.4.0):
    - GoogleUtilities/Environment
  - GoogleUtilities/MethodSwizzler (7.4.0):
    - GoogleUtilities/Logger
  - GoogleUtilities/Network (7.4.0):
    - GoogleUtilities/Logger
    - "GoogleUtilities/NSData+zlib"
    - GoogleUtilities/Reachability
  - "GoogleUtilities/NSData+zlib (7.4.0)"
  - GoogleUtilities/Reachability (7.4.0):
    - GoogleUtilities/Logger
  - GZIP (1.3.0)
  - HFAdmobManager (1.2.0):
    - Google-Mobile-Ads-SDK
    - HFAdmobManager/Other (= 1.2.0)
    - HFAdmobManager/Resources (= 1.2.0)
    - HFAdmobManager/VSAdCache (= 1.2.0)
    - HFAdmobManager/VSAdConfig (= 1.2.0)
    - HFAdmobManager/VSAdLoader (= 1.2.0)
    - HFAdmobManager/VSAdShow (= 1.2.0)
    - HFAdmobManager/VSAdTemplate (= 1.2.0)
    - HFAdmobManager/VSGlobalConfigManager (= 1.2.0)
    - Masonry
    - MJExtension
  - HFAdmobManager/Other (1.2.0):
    - Google-Mobile-Ads-SDK
    - Masonry
    - MJExtension
  - HFAdmobManager/Resources (1.2.0):
    - Google-Mobile-Ads-SDK
    - Masonry
    - MJExtension
  - HFAdmobManager/VSAdCache (1.2.0):
    - Google-Mobile-Ads-SDK
    - Masonry
    - MJExtension
  - HFAdmobManager/VSAdConfig (1.2.0):
    - Google-Mobile-Ads-SDK
    - Masonry
    - MJExtension
  - HFAdmobManager/VSAdLoader (1.2.0):
    - Google-Mobile-Ads-SDK
    - Masonry
    - MJExtension
  - HFAdmobManager/VSAdShow (1.2.0):
    - Google-Mobile-Ads-SDK
    - Masonry
    - MJExtension
  - HFAdmobManager/VSAdTemplate (1.2.0):
    - Google-Mobile-Ads-SDK
    - Masonry
    - MJExtension
  - HFAdmobManager/VSGlobalConfigManager (1.2.0):
    - Google-Mobile-Ads-SDK
    - Masonry
    - MJExtension
  - Masonry (1.1.0)
  - MJExtension (3.2.4)
  - nanopb (2.30908.0):
    - nanopb/decode (= 2.30908.0)
    - nanopb/encode (= 2.30908.0)
  - nanopb/decode (2.30908.0)
  - nanopb/encode (2.30908.0)
  - PromisesObjC (1.2.12)

DEPENDENCIES:
  - AFNetworking/NSURLSession (~> 3.0)
  - AFNetworking/Reachability (~> 3.0)
  - AFNetworking/Security (~> 3.0)
  - AFNetworking/Serialization (~> 3.0)
  - GZIP (~> 1.2)
  - HFAdmobManager (from `../`)
  - MJExtension

SPEC REPOS:
  trunk:
    - AFNetworking
    - Google-Mobile-Ads-SDK
    - GoogleAppMeasurement
    - GoogleUserMessagingPlatform
    - GoogleUtilities
    - GZIP
    - Masonry
    - MJExtension
    - nanopb
    - PromisesObjC

EXTERNAL SOURCES:
  HFAdmobManager:
    :path: "../"

SPEC CHECKSUMS:
  AFNetworking: b6f891fdfaed196b46c7a83cf209e09697b94057
  Google-Mobile-Ads-SDK: 6f5c41bf73db1656e5b203ba9c31e3d0899a128d
  GoogleAppMeasurement: fd19169c3034975cb934e865e5667bfdce59df7f
  GoogleUserMessagingPlatform: ab890ce5f6620f293a21b6bdd82e416a2c73aeca
  GoogleUtilities: 284cddc7fffc14ae1907efb6f78ab95c1fccaedc
  GZIP: 416858efbe66b41b206895ac6dfd5493200d95b3
  HFAdmobManager: 66ab4b1716d9110582bdd2ca8b93b0142378b10f
  Masonry: 678fab65091a9290e40e2832a55e7ab731aad201
  MJExtension: 88e0900751b6cac8de1cf724ca9838a0b28d5acb
  nanopb: a0ba3315591a9ae0a16a309ee504766e90db0c96
  PromisesObjC: 3113f7f76903778cf4a0586bd1ab89329a0b7b97

PODFILE CHECKSUM: b1773cf3e42c6c95201e9cb22a7f64fc79088198

COCOAPODS: 1.10.1
